
Microsoft Visual Studio Solution File, Format Version 12.00
# Visual Studio Version 16
VisualStudioVersion = 16.0.30204.135
MinimumVisualStudioVersion = 10.0.40219.1
Project("{FAE04EC0-301F-11D3-BF4B-00C04F79EFBC}") = "Heroes.Blazor.Server", "Heroes.Blazor\Server\Heroes.Blazor.Server.csproj", "{A567FF7B-1ED3-4119-8469-9B8CF9EFB4E9}"
EndProject
Project("{FAE04EC0-301F-11D3-BF4B-00C04F79EFBC}") = "Heroes.Blazor.Client", "Heroes.Blazor\Client\Heroes.Blazor.Client.csproj", "{E5E112BD-305E-4D13-BD70-06A0A5108B4A}"
EndProject
Project("{FAE04EC0-301F-11D3-BF4B-00C04F79EFBC}") = "Heroes.Blazor.Shared", "Heroes.Blazor\Shared\Heroes.Blazor.Shared.csproj", "{E0F7D66E-9A92-4802-BB8E-325C91C14C3D}"
EndProject
Global
	GlobalSection(SolutionConfigurationPlatforms) = preSolution
		Debug|Any CPU = Debug|Any CPU
		Release|Any CPU = Release|Any CPU
	EndGlobalSection
	GlobalSection(ProjectConfigurationPlatforms) = postSolution
		{A567FF7B-1ED3-4119-8469-9B8CF9EFB4E9}.Debug|Any CPU.ActiveCfg = Debug|Any CPU
		{A567FF7B-1ED3-4119-8469-9B8CF9EFB4E9}.Debug|Any CPU.Build.0 = Debug|Any CPU
		{A567FF7B-1ED3-4119-8469-9B8CF9EFB4E9}.Release|Any CPU.ActiveCfg = Release|Any CPU
		{A567FF7B-1ED3-4119-8469-9B8CF9EFB4E9}.Release|Any CPU.Build.0 = Release|Any CPU
		{E5E112BD-305E-4D13-BD70-06A0A5108B4A}.Debug|Any CPU.ActiveCfg = Debug|Any CPU
		{E5E112BD-305E-4D13-BD70-06A0A5108B4A}.Debug|Any CPU.Build.0 = Debug|Any CPU
		{E5E112BD-305E-4D13-BD70-06A0A5108B4A}.Release|Any CPU.ActiveCfg = Release|Any CPU
		{E5E112BD-305E-4D13-BD70-06A0A5108B4A}.Release|Any CPU.Build.0 = Release|Any CPU
		{E0F7D66E-9A92-4802-BB8E-325C91C14C3D}.Debug|Any CPU.ActiveCfg = Debug|Any CPU
		{E0F7D66E-9A92-4802-BB8E-325C91C14C3D}.Debug|Any CPU.Build.0 = Debug|Any CPU
		{E0F7D66E-9A92-4802-BB8E-325C91C14C3D}.Release|Any CPU.ActiveCfg = Release|Any CPU
		{E0F7D66E-9A92-4802-BB8E-325C91C14C3D}.Release|Any CPU.Build.0 = Release|Any CPU
	EndGlobalSection
	GlobalSection(SolutionProperties) = preSolution
		HideSolutionNode = FALSE
	EndGlobalSection
	GlobalSection(ExtensibilityGlobals) = postSolution
		SolutionGuid = {1B6AC3AE-6171-4109-9594-8C7CC18C0C45}
	EndGlobalSection
EndGlobal
